<?xml version="1.0" encoding="utf-8"?>
<Project ToolsVersion="4.0" xmlns="http://schemas.microsoft.com/developer/msbuild/2003">
  <ItemGroup>
    <ClCompile Include=".\Monitor.c" />
    <ClCompile Include=".\Monitor.h" />
    <ClCompile Include="Common.c">
      <Filter>公共</Filter>
    </ClCompile>
    <ClCompile Include="HookKiFastCallEntry.c">
      <Filter>KiFastCallEntry</Filter>
    </ClCompile>
    <ClCompile Include="MonitorProcess.c">
      <Filter>监控进程</Filter>
    </ClCompile>
  </ItemGroup>
  <ItemGroup>
    <Filter Include="监控进程">
      <UniqueIdentifier>{34b07019-c15d-4da9-9329-db715de7b412}</UniqueIdentifier>
    </Filter>
    <Filter Include="公共">
      <UniqueIdentifier>{aebc1b79-2de6-4b1a-a158-4cf360c32b96}</UniqueIdentifier>
    </Filter>
    <Filter Include="KiFastCallEntry">
      <UniqueIdentifier>{eaf33335-dc2f-4d24-b0e6-0021734f6aab}</UniqueIdentifier>
    </Filter>
  </ItemGroup>
  <ItemGroup>
    <ClInclude Include="Common.h">
      <Filter>公共</Filter>
    </ClInclude>
    <ClInclude Include="HookKiFastCallEntry.h">
      <Filter>KiFastCallEntry</Filter>
    </ClInclude>
    <ClInclude Include="MonitorProcess.h">
      <Filter>监控进程</Filter>
    </ClInclude>
  </ItemGroup>
  <ItemGroup>
    <None Include="sources" />
  </ItemGroup>
</Project>